<?xml version="1.0" encoding="utf-8"?>
<Project ToolsVersion="4.0" xmlns="http://schemas.microsoft.com/developer/msbuild/2003">
  <ItemGroup>
    <Filter Include="include">
      <UniqueIdentifier>{0cadbf8e-ede3-4606-a467-0f9f378d56d5}</UniqueIdentifier>
    </Filter>
    <Filter Include="src">
      <UniqueIdentifier>{9d8492bb-d6fc-492b-993b-00f4c5108c2d}</UniqueIdentifier>
    </Filter>
  </ItemGroup>
  <ItemGroup>
    <ClInclude Include="include\EqualityTests.h">
      <Filter>include</Filter>
    </ClInclude>
  </ItemGroup>
  <ItemGroup>
    <ClCompile Include="src\StretchConditionTest.cpp">
      <Filter>src</Filter>
    </ClCompile>
    <ClCompile Include="src\ShearConditionTest.cpp">
      <Filter>src</Filter>
    </ClCompile>
    <ClCompile Include="src\BendConditionTest.cpp">
      <Filter>src</Filter>
    </ClCompile>
    <ClCompile Include="src\EqualityTests.cpp">
      <Filter>src</Filter>
    </ClCompile>
  </ItemGroup>
</Project>